
Microsoft Visual Studio Solution File, Format Version 12.00
# Visual Studio 15
VisualStudioVersion = 15.0.27428.2002
MinimumVisualStudioVersion = 10.0.40219.1
Project("{FAE04EC0-301F-11D3-BF4B-00C04F79EFBC}") = "VkGroup", "WindowsFormsApp1\VkGroup.csproj", "{2CE788D7-8D2C-4DA9-9442-9779E8C9DF99}"
EndProject
Global
	GlobalSection(SolutionConfigurationPlatforms) = preSolution
		Debug|Any CPU = Debug|Any CPU
		Release|Any CPU = Release|Any CPU
	EndGlobalSection
	GlobalSection(ProjectConfigurationPlatforms) = postSolution
		{2CE788D7-8D2C-4DA9-9442-9779E8C9DF99}.Debug|Any CPU.ActiveCfg = Debug|Any CPU
		{2CE788D7-8D2C-4DA9-9442-9779E8C9DF99}.Debug|Any CPU.Build.0 = Debug|Any CPU
		{2CE788D7-8D2C-4DA9-9442-9779E8C9DF99}.Release|Any CPU.ActiveCfg = Release|Any CPU
		{2CE788D7-8D2C-4DA9-9442-9779E8C9DF99}.Release|Any CPU.Build.0 = Release|Any CPU
	EndGlobalSection
	GlobalSection(SolutionProperties) = preSolution
		HideSolutionNode = FALSE
	EndGlobalSection
	GlobalSection(ExtensibilityGlobals) = postSolution
		SolutionGuid = {076728F8-3A01-401E-9041-B25EC28F59EF}
	EndGlobalSection
EndGlobal
